
Microsoft Visual Studio Solution File, Format Version 12.00
# Visual Studio Version 17
VisualStudioVersion = 17.11.35312.102
MinimumVisualStudioVersion = 10.0.40219.1
Project("{8BC9CEB8-8B4A-11D0-8D11-00A0C91BC942}") = "LR7", "LR7\LR7.vcxproj", "{7ACE3472-BB0B-4B3A-832B-303279A21337}"
EndProject
Global
	GlobalSection(SolutionConfigurationPlatforms) = preSolution
		Debug|x64 = Debug|x64
		Debug|x86 = Debug|x86
		Release|x64 = Release|x64
		Release|x86 = Release|x86
	EndGlobalSection
	GlobalSection(ProjectConfigurationPlatforms) = postSolution
		{7ACE3472-BB0B-4B3A-832B-303279A21337}.Debug|x64.ActiveCfg = Debug|x64
		{7ACE3472-BB0B-4B3A-832B-303279A21337}.Debug|x64.Build.0 = Debug|x64
		{7ACE3472-BB0B-4B3A-832B-303279A21337}.Debug|x86.ActiveCfg = Debug|Win32
		{7ACE3472-BB0B-4B3A-832B-303279A21337}.Debug|x86.Build.0 = Debug|Win32
		{7ACE3472-BB0B-4B3A-832B-303279A21337}.Release|x64.ActiveCfg = Release|x64
		{7ACE3472-BB0B-4B3A-832B-303279A21337}.Release|x64.Build.0 = Release|x64
		{7ACE3472-BB0B-4B3A-832B-303279A21337}.Release|x86.ActiveCfg = Release|Win32
		{7ACE3472-BB0B-4B3A-832B-303279A21337}.Release|x86.Build.0 = Release|Win32
	EndGlobalSection
	GlobalSection(SolutionProperties) = preSolution
		HideSolutionNode = FALSE
	EndGlobalSection
	GlobalSection(ExtensibilityGlobals) = postSolution
		SolutionGuid = {FDE2C874-4DE8-4064-812F-FF1FDCEE51EF}
	EndGlobalSection
EndGlobal
